
Microsoft Visual Studio Solution File, Format Version 11.00
# Visual C++ Express 2010
Project("{8BC9CEB8-8B4A-11D0-8D11-00A0C91BC942}") = "pngopt", "pngopt.vcxproj", "{315221AD-C17F-4886-81E0-C6162D1D44C9}"
EndProject
Global
	GlobalSection(SolutionConfigurationPlatforms) = preSolution
		Debug|Win32 = Debug|Win32
		Release|Win32 = Release|Win32
	EndGlobalSection
	GlobalSection(ProjectConfigurationPlatforms) = postSolution
		{315221AD-C17F-4886-81E0-C6162D1D44C9}.Debug|Win32.ActiveCfg = Debug|Win32
		{315221AD-C17F-4886-81E0-C6162D1D44C9}.Debug|Win32.Build.0 = Debug|Win32
		{315221AD-C17F-4886-81E0-C6162D1D44C9}.Release|Win32.ActiveCfg = Release|Win32
		{315221AD-C17F-4886-81E0-C6162D1D44C9}.Release|Win32.Build.0 = Release|Win32
	EndGlobalSection
	GlobalSection(SolutionProperties) = preSolution
		HideSolutionNode = FALSE
	EndGlobalSection
EndGlobal
