<?xml version="1.0" encoding="utf-8"?>
<Project ToolsVersion="4.0" xmlns="http://schemas.microsoft.com/developer/msbuild/2003">
  <ItemGroup>
    <Filter Include="Source Files">
      <UniqueIdentifier>{4FC737F1-C7A5-4376-A066-2A32D752A2FF}</UniqueIdentifier>
      <Extensions>cpp;c;cc;cxx;def;odl;idl;hpj;bat;asm;asmx</Extensions>
    </Filter>
    <Filter Include="Source Files\SOIL">
      <UniqueIdentifier>{561ca39e-2458-407e-9249-501f0ed12e6a}</UniqueIdentifier>
    </Filter>
    <Filter Include="Source Files\ZLIB">
      <UniqueIdentifier>{e624e0bd-3d91-4a56-8b75-24bdc891cb88}</UniqueIdentifier>
    </Filter>
    <Filter Include="Header Files">
      <UniqueIdentifier>{93995380-89BD-4b04-88EB-625FBE52EBFB}</UniqueIdentifier>
      <Extensions>h;hpp;hxx;hm;inl;inc;xsd</Extensions>
    </Filter>
    <Filter Include="Resource Files">
      <UniqueIdentifier>{67DA6AB6-F800-4c08-8B7A-83BB121AAD01}</UniqueIdentifier>
      <Extensions>rc;ico;cur;bmp;dlg;rc2;rct;bin;rgs;gif;jpg;jpeg;jpe;resx;tiff;tif;png;wav</Extensions>
    </Filter>
  </ItemGroup>
  <ItemGroup>
    <ClCompile Include="hge_ogl.cpp">
      <Filter>Source Files</Filter>
    </ClCompile>
    <ClCompile Include="SOIL\image_DXT.c">
      <Filter>Source Files\SOIL</Filter>
    </ClCompile>
    <ClCompile Include="SOIL\SOIL.c">
      <Filter>Source Files\SOIL</Filter>
    </ClCompile>
    <ClCompile Include="SOIL\stb_image_aug.c">
      <Filter>Source Files\SOIL</Filter>
    </ClCompile>
    <ClCompile Include="ZLIB\adler32.c">
      <Filter>Source Files\ZLIB</Filter>
    </ClCompile>
    <ClCompile Include="ZLIB\crc32.c">
      <Filter>Source Files\ZLIB</Filter>
    </ClCompile>
    <ClCompile Include="ZLIB\inffast.c">
      <Filter>Source Files\ZLIB</Filter>
    </ClCompile>
    <ClCompile Include="ZLIB\inflate.c">
      <Filter>Source Files\ZLIB</Filter>
    </ClCompile>
    <ClCompile Include="ZLIB\inftrees.c">
      <Filter>Source Files\ZLIB</Filter>
    </ClCompile>
    <ClCompile Include="ZLIB\ioapi.c">
      <Filter>Source Files\ZLIB</Filter>
    </ClCompile>
    <ClCompile Include="ZLIB\trees.c">
      <Filter>Source Files\ZLIB</Filter>
    </ClCompile>
    <ClCompile Include="ZLIB\uncompr.c">
      <Filter>Source Files\ZLIB</Filter>
    </ClCompile>
    <ClCompile Include="ZLIB\unzip.c">
      <Filter>Source Files\ZLIB</Filter>
    </ClCompile>
    <ClCompile Include="ZLIB\zutil.c">
      <Filter>Source Files\ZLIB</Filter>
    </ClCompile>
  </ItemGroup>
  <ItemGroup>
    <None Include="hge_ogl.def">
      <Filter>Source Files</Filter>
    </None>
  </ItemGroup>
  <ItemGroup>
    <ClInclude Include="SOIL\image_DXT.h">
      <Filter>Source Files\SOIL</Filter>
    </ClInclude>
    <ClInclude Include="SOIL\SOIL.h">
      <Filter>Source Files\SOIL</Filter>
    </ClInclude>
    <ClInclude Include="SOIL\stb_image_aug.h">
      <Filter>Source Files\SOIL</Filter>
    </ClInclude>
    <ClInclude Include="SOIL\stbi_DDS_aug.h">
      <Filter>Source Files\SOIL</Filter>
    </ClInclude>
    <ClInclude Include="SOIL\stbi_DDS_aug_c.h">
      <Filter>Source Files\SOIL</Filter>
    </ClInclude>
    <ClInclude Include="ZLIB\crc32.h">
      <Filter>Source Files\ZLIB</Filter>
    </ClInclude>
    <ClInclude Include="ZLIB\crypt.h">
      <Filter>Source Files\ZLIB</Filter>
    </ClInclude>
    <ClInclude Include="ZLIB\deflate.h">
      <Filter>Source Files\ZLIB</Filter>
    </ClInclude>
    <ClInclude Include="ZLIB\inffast.h">
      <Filter>Source Files\ZLIB</Filter>
    </ClInclude>
    <ClInclude Include="ZLIB\inffixed.h">
      <Filter>Source Files\ZLIB</Filter>
    </ClInclude>
    <ClInclude Include="ZLIB\inflate.h">
      <Filter>Source Files\ZLIB</Filter>
    </ClInclude>
    <ClInclude Include="ZLIB\inftrees.h">
      <Filter>Source Files\ZLIB</Filter>
    </ClInclude>
    <ClInclude Include="ZLIB\ioapi.h">
      <Filter>Source Files\ZLIB</Filter>
    </ClInclude>
    <ClInclude Include="ZLIB\trees.h">
      <Filter>Source Files\ZLIB</Filter>
    </ClInclude>
    <ClInclude Include="ZLIB\unzip.h">
      <Filter>Source Files\ZLIB</Filter>
    </ClInclude>
    <ClInclude Include="ZLIB\zconf.h">
      <Filter>Source Files\ZLIB</Filter>
    </ClInclude>
    <ClInclude Include="ZLIB\zconf.in.h">
      <Filter>Source Files\ZLIB</Filter>
    </ClInclude>
    <ClInclude Include="ZLIB\zip.h">
      <Filter>Source Files\ZLIB</Filter>
    </ClInclude>
    <ClInclude Include="ZLIB\zlib.h">
      <Filter>Source Files\ZLIB</Filter>
    </ClInclude>
    <ClInclude Include="ZLIB\zutil.h">
      <Filter>Source Files\ZLIB</Filter>
    </ClInclude>
    <ClInclude Include="hge_ogl.h">
      <Filter>Header Files</Filter>
    </ClInclude>
  </ItemGroup>
</Project>