<?xml version="1.0" encoding="utf-8"?>
<Project ToolsVersion="4.0" xmlns="http://schemas.microsoft.com/developer/msbuild/2003">
  <ItemGroup>
    <ClInclude Include="common.h" />
    <ClInclude Include="multiblock.h" />
    <ClInclude Include="b2Tools.h" />
    <ClInclude Include="bullet.h" />
  </ItemGroup>
  <ItemGroup>
    <ClCompile Include="SolidBlocks.cpp" />
    <ClCompile Include="common.cpp" />
    <ClCompile Include="b2Tools.cpp" />
    <ClCompile Include="multiblock.cpp" />
    <ClCompile Include="bullet.cpp" />
  </ItemGroup>
</Project>