<?xml version="1.0" encoding="utf-8"?>
<Project ToolsVersion="4.0" xmlns="http://schemas.microsoft.com/developer/msbuild/2003">
  <ItemGroup>
    <ClCompile Include="..\Console\main.cpp" />
    <ClCompile Include="..\Console\procSpawn.cpp" />
    <ClCompile Include="..\Console\bind.cpp" />
  </ItemGroup>
  <ItemGroup>
    <None Include="..\Console\testBind.i" />
    <None Include="..\LuaBox\lib\allkw.swg">
      <Filter>Lib</Filter>
    </None>
    <None Include="..\LuaBox\lib\attribute.i">
      <Filter>Lib</Filter>
    </None>
    <None Include="..\LuaBox\lib\carrays.i">
      <Filter>Lib</Filter>
    </None>
    <None Include="..\LuaBox\lib\cdata.i">
      <Filter>Lib</Filter>
    </None>
    <None Include="..\LuaBox\lib\cmalloc.i">
      <Filter>Lib</Filter>
    </None>
    <None Include="..\LuaBox\lib\constraints.i">
      <Filter>Lib</Filter>
    </None>
    <None Include="..\LuaBox\lib\cpointer.i">
      <Filter>Lib</Filter>
    </None>
    <None Include="..\LuaBox\lib\cstring.i">
      <Filter>Lib</Filter>
    </None>
    <None Include="..\LuaBox\lib\cwstring.i">
      <Filter>Lib</Filter>
    </None>
    <None Include="..\LuaBox\lib\exception.i">
      <Filter>Lib</Filter>
    </None>
    <None Include="..\LuaBox\lib\intrusive_ptr.i">
      <Filter>Lib</Filter>
    </None>
    <None Include="..\LuaBox\lib\inttypes.i">
      <Filter>Lib</Filter>
    </None>
    <None Include="..\LuaBox\lib\math.i">
      <Filter>Lib</Filter>
    </None>
    <None Include="..\LuaBox\lib\pointer.i">
      <Filter>Lib</Filter>
    </None>
    <None Include="..\LuaBox\lib\runtime.swg">
      <Filter>Lib</Filter>
    </None>
    <None Include="..\LuaBox\lib\shared_ptr.i">
      <Filter>Lib</Filter>
    </None>
    <None Include="..\LuaBox\lib\stdint.i">
      <Filter>Lib</Filter>
    </None>
    <None Include="..\LuaBox\lib\std_except.i">
      <Filter>Lib</Filter>
    </None>
    <None Include="..\LuaBox\lib\stl.i">
      <Filter>Lib</Filter>
    </None>
    <None Include="..\LuaBox\lib\swig.swg">
      <Filter>Lib</Filter>
    </None>
    <None Include="..\LuaBox\lib\swigarch.i">
      <Filter>Lib</Filter>
    </None>
    <None Include="..\LuaBox\lib\swigerrors.swg">
      <Filter>Lib</Filter>
    </None>
    <None Include="..\LuaBox\lib\swiginit.swg">
      <Filter>Lib</Filter>
    </None>
    <None Include="..\LuaBox\lib\swiglabels.swg">
      <Filter>Lib</Filter>
    </None>
    <None Include="..\LuaBox\lib\swigrun.i">
      <Filter>Lib</Filter>
    </None>
    <None Include="..\LuaBox\lib\swigrun.swg">
      <Filter>Lib</Filter>
    </None>
    <None Include="..\LuaBox\lib\swigwarn.swg">
      <Filter>Lib</Filter>
    </None>
    <None Include="..\LuaBox\lib\swigwarnings.swg">
      <Filter>Lib</Filter>
    </None>
    <None Include="..\LuaBox\lib\wchar.i">
      <Filter>Lib</Filter>
    </None>
    <None Include="..\LuaBox\lib\windows.i">
      <Filter>Lib</Filter>
    </None>
    <None Include="..\LuaBox\lib\lua\carrays.i">
      <Filter>Lib\lua</Filter>
    </None>
    <None Include="..\LuaBox\lib\lua\lua.swg">
      <Filter>Lib\lua</Filter>
    </None>
    <None Include="..\LuaBox\lib\lua\luarun.swg">
      <Filter>Lib\lua</Filter>
    </None>
    <None Include="..\LuaBox\lib\lua\luaruntime.swg">
      <Filter>Lib\lua</Filter>
    </None>
    <None Include="..\LuaBox\lib\lua\luatypemaps.swg">
      <Filter>Lib\lua</Filter>
    </None>
    <None Include="..\LuaBox\lib\lua\lua_fnptr.i">
      <Filter>Lib\lua</Filter>
    </None>
    <None Include="..\LuaBox\lib\lua\std_common.i">
      <Filter>Lib\lua</Filter>
    </None>
    <None Include="..\LuaBox\lib\lua\std_deque.i">
      <Filter>Lib\lua</Filter>
    </None>
    <None Include="..\LuaBox\lib\lua\std_except.i">
      <Filter>Lib\lua</Filter>
    </None>
    <None Include="..\LuaBox\lib\lua\std_map.i">
      <Filter>Lib\lua</Filter>
    </None>
    <None Include="..\LuaBox\lib\lua\std_pair.i">
      <Filter>Lib\lua</Filter>
    </None>
    <None Include="..\LuaBox\lib\lua\std_string.i">
      <Filter>Lib\lua</Filter>
    </None>
    <None Include="..\LuaBox\lib\lua\std_vector.i">
      <Filter>Lib\lua</Filter>
    </None>
    <None Include="..\LuaBox\lib\lua\stl.i">
      <Filter>Lib\lua</Filter>
    </None>
    <None Include="..\LuaBox\lib\lua\typemaps.i">
      <Filter>Lib\lua</Filter>
    </None>
    <None Include="..\LuaBox\lib\lua\wchar.i">
      <Filter>Lib\lua</Filter>
    </None>
    <None Include="..\LuaBox\lib\lua\_std_common.i">
      <Filter>Lib\lua</Filter>
    </None>
    <None Include="..\LuaBox\lib\std\README">
      <Filter>Lib\std</Filter>
    </None>
    <None Include="..\LuaBox\lib\std\std_alloc.i">
      <Filter>Lib\std</Filter>
    </None>
    <None Include="..\LuaBox\lib\std\std_basic_string.i">
      <Filter>Lib\std</Filter>
    </None>
    <None Include="..\LuaBox\lib\std\std_carray.swg">
      <Filter>Lib\std</Filter>
    </None>
    <None Include="..\LuaBox\lib\std\std_char_traits.i">
      <Filter>Lib\std</Filter>
    </None>
    <None Include="..\LuaBox\lib\std\std_common.i">
      <Filter>Lib\std</Filter>
    </None>
    <None Include="..\LuaBox\lib\std\std_container.i">
      <Filter>Lib\std</Filter>
    </None>
    <None Include="..\LuaBox\lib\std\std_deque.i">
      <Filter>Lib\std</Filter>
    </None>
    <None Include="..\LuaBox\lib\std\std_except.i">
      <Filter>Lib\std</Filter>
    </None>
    <None Include="..\LuaBox\lib\std\std_ios.i">
      <Filter>Lib\std</Filter>
    </None>
    <None Include="..\LuaBox\lib\std\std_iostream.i">
      <Filter>Lib\std</Filter>
    </None>
    <None Include="..\LuaBox\lib\std\std_list.i">
      <Filter>Lib\std</Filter>
    </None>
    <None Include="..\LuaBox\lib\std\std_map.i">
      <Filter>Lib\std</Filter>
    </None>
    <None Include="..\LuaBox\lib\std\std_multimap.i">
      <Filter>Lib\std</Filter>
    </None>
    <None Include="..\LuaBox\lib\std\std_multiset.i">
      <Filter>Lib\std</Filter>
    </None>
    <None Include="..\LuaBox\lib\std\std_pair.i">
      <Filter>Lib\std</Filter>
    </None>
    <None Include="..\LuaBox\lib\std\std_queue.i">
      <Filter>Lib\std</Filter>
    </None>
    <None Include="..\LuaBox\lib\std\std_set.i">
      <Filter>Lib\std</Filter>
    </None>
    <None Include="..\LuaBox\lib\std\std_sstream.i">
      <Filter>Lib\std</Filter>
    </None>
    <None Include="..\LuaBox\lib\std\std_stack.i">
      <Filter>Lib\std</Filter>
    </None>
    <None Include="..\LuaBox\lib\std\std_streambuf.i">
      <Filter>Lib\std</Filter>
    </None>
    <None Include="..\LuaBox\lib\std\std_string.i">
      <Filter>Lib\std</Filter>
    </None>
    <None Include="..\LuaBox\lib\std\std_vector.i">
      <Filter>Lib\std</Filter>
    </None>
    <None Include="..\LuaBox\lib\std\std_vectora.i">
      <Filter>Lib\std</Filter>
    </None>
    <None Include="..\LuaBox\lib\std\std_wios.i">
      <Filter>Lib\std</Filter>
    </None>
    <None Include="..\LuaBox\lib\std\std_wiostream.i">
      <Filter>Lib\std</Filter>
    </None>
    <None Include="..\LuaBox\lib\std\std_wsstream.i">
      <Filter>Lib\std</Filter>
    </None>
    <None Include="..\LuaBox\lib\std\std_wstreambuf.i">
      <Filter>Lib\std</Filter>
    </None>
    <None Include="..\LuaBox\lib\std\std_wstring.i">
      <Filter>Lib\std</Filter>
    </None>
    <None Include="..\LuaBox\lib\std\_std_deque.i">
      <Filter>Lib\std</Filter>
    </None>
    <None Include="..\LuaBox\lib\typemaps\attribute.swg">
      <Filter>Lib\typemaps</Filter>
    </None>
    <None Include="..\LuaBox\lib\typemaps\carrays.swg">
      <Filter>Lib\typemaps</Filter>
    </None>
    <None Include="..\LuaBox\lib\typemaps\cdata.swg">
      <Filter>Lib\typemaps</Filter>
    </None>
    <None Include="..\LuaBox\lib\typemaps\cmalloc.swg">
      <Filter>Lib\typemaps</Filter>
    </None>
    <None Include="..\LuaBox\lib\typemaps\cpointer.swg">
      <Filter>Lib\typemaps</Filter>
    </None>
    <None Include="..\LuaBox\lib\typemaps\cstring.swg">
      <Filter>Lib\typemaps</Filter>
    </None>
    <None Include="..\LuaBox\lib\typemaps\cstrings.swg">
      <Filter>Lib\typemaps</Filter>
    </None>
    <None Include="..\LuaBox\lib\typemaps\cwstring.swg">
      <Filter>Lib\typemaps</Filter>
    </None>
    <None Include="..\LuaBox\lib\typemaps\enumint.swg">
      <Filter>Lib\typemaps</Filter>
    </None>
    <None Include="..\LuaBox\lib\typemaps\exception.swg">
      <Filter>Lib\typemaps</Filter>
    </None>
    <None Include="..\LuaBox\lib\typemaps\factory.swg">
      <Filter>Lib\typemaps</Filter>
    </None>
    <None Include="..\LuaBox\lib\typemaps\fragments.swg">
      <Filter>Lib\typemaps</Filter>
    </None>
    <None Include="..\LuaBox\lib\typemaps\implicit.swg">
      <Filter>Lib\typemaps</Filter>
    </None>
    <None Include="..\LuaBox\lib\typemaps\inoutlist.swg">
      <Filter>Lib\typemaps</Filter>
    </None>
    <None Include="..\LuaBox\lib\typemaps\misctypes.swg">
      <Filter>Lib\typemaps</Filter>
    </None>
    <None Include="..\LuaBox\lib\typemaps\primtypes.swg">
      <Filter>Lib\typemaps</Filter>
    </None>
    <None Include="..\LuaBox\lib\typemaps\ptrtypes.swg">
      <Filter>Lib\typemaps</Filter>
    </None>
    <None Include="..\LuaBox\lib\typemaps\README">
      <Filter>Lib\typemaps</Filter>
    </None>
    <None Include="..\LuaBox\lib\typemaps\std_except.swg">
      <Filter>Lib\typemaps</Filter>
    </None>
    <None Include="..\LuaBox\lib\typemaps\std_string.swg">
      <Filter>Lib\typemaps</Filter>
    </None>
    <None Include="..\LuaBox\lib\typemaps\std_strings.swg">
      <Filter>Lib\typemaps</Filter>
    </None>
    <None Include="..\LuaBox\lib\typemaps\std_wstring.swg">
      <Filter>Lib\typemaps</Filter>
    </None>
    <None Include="..\LuaBox\lib\typemaps\string.swg">
      <Filter>Lib\typemaps</Filter>
    </None>
    <None Include="..\LuaBox\lib\typemaps\strings.swg">
      <Filter>Lib\typemaps</Filter>
    </None>
    <None Include="..\LuaBox\lib\typemaps\swigmacros.swg">
      <Filter>Lib\typemaps</Filter>
    </None>
    <None Include="..\LuaBox\lib\typemaps\swigobject.swg">
      <Filter>Lib\typemaps</Filter>
    </None>
    <None Include="..\LuaBox\lib\typemaps\swigtype.swg">
      <Filter>Lib\typemaps</Filter>
    </None>
    <None Include="..\LuaBox\lib\typemaps\swigtypemaps.swg">
      <Filter>Lib\typemaps</Filter>
    </None>
    <None Include="..\LuaBox\lib\typemaps\traits.swg">
      <Filter>Lib\typemaps</Filter>
    </None>
    <None Include="..\LuaBox\lib\typemaps\typemaps.swg">
      <Filter>Lib\typemaps</Filter>
    </None>
    <None Include="..\LuaBox\lib\typemaps\valtypes.swg">
      <Filter>Lib\typemaps</Filter>
    </None>
    <None Include="..\LuaBox\lib\typemaps\void.swg">
      <Filter>Lib\typemaps</Filter>
    </None>
    <None Include="..\LuaBox\lib\typemaps\wstring.swg">
      <Filter>Lib\typemaps</Filter>
    </None>
  </ItemGroup>
  <ItemGroup>
    <ClInclude Include="..\Console\Console.h" />
    <ClInclude Include="..\Console\bind.h" />
  </ItemGroup>
  <ItemGroup>
    <Filter Include="Lib">
      <UniqueIdentifier>{db082c15-bae8-47c4-aaa1-6dc8cb768948}</UniqueIdentifier>
    </Filter>
    <Filter Include="Lib\lua">
      <UniqueIdentifier>{845be69a-8a96-4c07-a660-6800d36216e7}</UniqueIdentifier>
    </Filter>
    <Filter Include="Lib\std">
      <UniqueIdentifier>{ab4f3d1a-4362-44de-b679-197a54e82de6}</UniqueIdentifier>
    </Filter>
    <Filter Include="Lib\typemaps">
      <UniqueIdentifier>{5d63be06-ab1e-4d4c-8e54-71784ad35067}</UniqueIdentifier>
    </Filter>
  </ItemGroup>
</Project>