<?xml version="1.0" encoding="utf-8"?>
<Project ToolsVersion="4.0" xmlns="http://schemas.microsoft.com/developer/msbuild/2003">
  <ItemGroup>
    <ClCompile Include="..\Autopilot2D\inventory.cpp">
      <Filter>core\objects</Filter>
    </ClCompile>
    <ClCompile Include="..\Autopilot2D\commandAI.cpp">
      <Filter>core\objects</Filter>
    </ClCompile>
    <ClCompile Include="..\Autopilot2D\objectManager.cpp">
      <Filter>core\objects</Filter>
    </ClCompile>
    <ClCompile Include="..\Autopilot2D\unit.cpp">
      <Filter>core\objects</Filter>
    </ClCompile>
    <ClCompile Include="..\game\world.cpp">
      <Filter>core\objects</Filter>
    </ClCompile>
    <ClCompile Include="..\Autopilot2D\projectile.cpp">
      <Filter>core\objects</Filter>
    </ClCompile>
    <ClCompile Include="..\Autopilot2D\perceptionAI.cpp">
      <Filter>core\objects</Filter>
    </ClCompile>
    <ClCompile Include="..\game\draw.cpp">
      <Filter>game</Filter>
    </ClCompile>
    <ClCompile Include="..\game\level.cpp">
      <Filter>game</Filter>
    </ClCompile>
    <ClCompile Include="..\Autopilot2D\perception.cpp">
      <Filter>core\objects\devices</Filter>
    </ClCompile>
    <ClCompile Include="..\Autopilot2D\turret.cpp">
      <Filter>core\objects\devices</Filter>
    </ClCompile>
    <ClCompile Include="..\Autopilot2D\device.cpp">
      <Filter>core\objects\devices</Filter>
    </ClCompile>
    <ClCompile Include="..\Autopilot2D\weapon.cpp">
      <Filter>core\objects\devices\weapons</Filter>
    </ClCompile>
    <ClCompile Include="..\Autopilot2D\weaponTurret.cpp">
      <Filter>core\objects\devices\weapons</Filter>
    </ClCompile>
    <ClCompile Include="..\Autopilot2D\mover.cpp">
      <Filter>core\objects\devices\movers</Filter>
    </ClCompile>
    <ClCompile Include="..\Autopilot2D\moverVehicleDriver.cpp">
      <Filter>core\objects\devices\movers</Filter>
    </ClCompile>
    <ClCompile Include="..\Autopilot2D\moverCharacter.cpp">
      <Filter>core\objects\devices\movers</Filter>
    </ClCompile>
    <ClCompile Include="..\Autopilot2D\moverVehicle.cpp">
      <Filter>core\objects\devices\movers</Filter>
    </ClCompile>
    <ClCompile Include="..\Autopilot2D\controllers\forceController.cpp">
      <Filter>core\objects\devices\movers\controllers</Filter>
    </ClCompile>
    <ClCompile Include="..\Autopilot2D\controllers\vo2Controller.cpp">
      <Filter>core\objects\devices\movers\controllers</Filter>
    </ClCompile>
    <ClCompile Include="..\Autopilot2D\controllers\voController.cpp">
      <Filter>core\objects\devices\movers\controllers</Filter>
    </ClCompile>
    <ClCompile Include="..\Autopilot2D\gameObject.cpp">
      <Filter>core\objects</Filter>
    </ClCompile>
    <ClCompile Include="..\game\shields.cpp">
      <Filter>core\objects\devices</Filter>
    </ClCompile>
    <ClCompile Include="..\Autopilot2D\thruster.cpp">
      <Filter>core\objects\devices\movers</Filter>
    </ClCompile>
    <ClCompile Include="..\Autopilot2D\controllers\RVO2Controller.cpp">
      <Filter>core\objects\devices\movers\controllers</Filter>
    </ClCompile>
    <ClCompile Include="..\game\game.cpp">
      <Filter>game</Filter>
    </ClCompile>
    <ClCompile Include="..\game\luaTools.cpp">
      <Filter>game</Filter>
    </ClCompile>
    <ClCompile Include="..\game\stdafx.cpp">
      <Filter>core</Filter>
    </ClCompile>
    <ClCompile Include="..\game\network.cpp">
      <Filter>core</Filter>
    </ClCompile>
    <ClCompile Include="..\game\navGraph.cpp">
      <Filter>core</Filter>
    </ClCompile>
    <ClCompile Include="..\game\Core.cpp">
      <Filter>core</Filter>
    </ClCompile>
    <ClCompile Include="..\game\hgeMain.cpp">
      <Filter>core</Filter>
    </ClCompile>
    <ClCompile Include="..\game\bind.cpp">
      <Filter>core\bind</Filter>
    </ClCompile>
    <ClCompile Include="..\game\frameBattle.cpp">
      <Filter>game\frames</Filter>
    </ClCompile>
    <ClCompile Include="..\game\frameMainMenu.cpp">
      <Filter>game\frames</Filter>
    </ClCompile>
    <ClCompile Include="..\game\frameShipyard.cpp">
      <Filter>game\frames</Filter>
    </ClCompile>
    <ClCompile Include="..\game\frameHangar.cpp">
      <Filter>game\frames</Filter>
    </ClCompile>
  </ItemGroup>
  <ItemGroup>
    <ClInclude Include="..\Autopilot2D\inventory.h">
      <Filter>core\objects</Filter>
    </ClInclude>
    <ClInclude Include="..\Autopilot2D\gameObject.h">
      <Filter>core\objects</Filter>
    </ClInclude>
    <ClInclude Include="..\Autopilot2D\commandAI.h">
      <Filter>core\objects</Filter>
    </ClInclude>
    <ClInclude Include="..\Autopilot2D\objectManager.h">
      <Filter>core\objects</Filter>
    </ClInclude>
    <ClInclude Include="..\Autopilot2D\unit.h">
      <Filter>core\objects</Filter>
    </ClInclude>
    <ClInclude Include="..\game\world.h">
      <Filter>core\objects</Filter>
    </ClInclude>
    <ClInclude Include="..\Autopilot2D\projectile.h">
      <Filter>core\objects</Filter>
    </ClInclude>
    <ClInclude Include="..\game\draw.h">
      <Filter>game</Filter>
    </ClInclude>
    <ClInclude Include="..\Autopilot2D\perception.h">
      <Filter>core\objects\devices</Filter>
    </ClInclude>
    <ClInclude Include="..\Autopilot2D\predictor.h">
      <Filter>core\objects\devices</Filter>
    </ClInclude>
    <ClInclude Include="..\Autopilot2D\turret.h">
      <Filter>core\objects\devices</Filter>
    </ClInclude>
    <ClInclude Include="..\Autopilot2D\device.h">
      <Filter>core\objects\devices</Filter>
    </ClInclude>
    <ClInclude Include="..\Autopilot2D\weapon.h">
      <Filter>core\objects\devices\weapons</Filter>
    </ClInclude>
    <ClInclude Include="..\Autopilot2D\mover.h">
      <Filter>core\objects\devices\movers</Filter>
    </ClInclude>
    <ClInclude Include="..\Autopilot2D\moverCharacter.h">
      <Filter>core\objects\devices\movers</Filter>
    </ClInclude>
    <ClInclude Include="..\Autopilot2D\weaponTurret.h">
      <Filter>core\objects\devices\weapons</Filter>
    </ClInclude>
    <ClInclude Include="..\Autopilot2D\controllers\forceController.h">
      <Filter>core\objects\devices\movers\controllers</Filter>
    </ClInclude>
    <ClInclude Include="..\Autopilot2D\controllers\vo2Controller.h">
      <Filter>core\objects\devices\movers\controllers</Filter>
    </ClInclude>
    <ClInclude Include="..\Autopilot2D\controllers\voController.h">
      <Filter>core\objects\devices\movers\controllers</Filter>
    </ClInclude>
    <ClInclude Include="..\Autopilot2D\moverVehicle.h">
      <Filter>core\objects\devices\movers</Filter>
    </ClInclude>
    <ClInclude Include="..\game\shields.h">
      <Filter>core\objects\devices</Filter>
    </ClInclude>
    <ClInclude Include="..\Autopilot2D\thruster.h">
      <Filter>core\objects\devices\movers</Filter>
    </ClInclude>
    <ClInclude Include="..\Autopilot2D\controllers\RVO2Controller.h">
      <Filter>core\objects\devices\movers\controllers</Filter>
    </ClInclude>
    <ClInclude Include="..\game\game.h">
      <Filter>game</Filter>
    </ClInclude>
    <ClInclude Include="..\game\stdafx.h">
      <Filter>core</Filter>
    </ClInclude>
    <ClInclude Include="..\game\network.h">
      <Filter>core</Filter>
    </ClInclude>
    <ClInclude Include="..\game\navGraph.h">
      <Filter>core</Filter>
    </ClInclude>
    <ClInclude Include="..\game\Core.h">
      <Filter>core</Filter>
    </ClInclude>
    <ClInclude Include="..\game\bind.h">
      <Filter>core\bind</Filter>
    </ClInclude>
    <ClInclude Include="..\game\frameBattle.h">
      <Filter>game\frames</Filter>
    </ClInclude>
    <ClInclude Include="..\game\frameMainMenu.h">
      <Filter>game\frames</Filter>
    </ClInclude>
    <ClInclude Include="..\game\frameShipyard.h">
      <Filter>game\frames</Filter>
    </ClInclude>
    <ClInclude Include="..\game\frameHangar.h">
      <Filter>game\frames</Filter>
    </ClInclude>
  </ItemGroup>
  <ItemGroup>
    <None Include="..\script\server.lua">
      <Filter>scripts</Filter>
    </None>
    <None Include="..\script\net.lua">
      <Filter>scripts</Filter>
    </None>
    <None Include="..\script\utils.lua">
      <Filter>scripts</Filter>
    </None>
    <None Include="..\game\ReadMe.txt">
      <Filter>game</Filter>
    </None>
    <None Include="..\TiGa.log">
      <Filter>game</Filter>
    </None>
    <None Include="..\game\TiGa.suo">
      <Filter>game</Filter>
    </None>
    <None Include="..\doc\devices.txt">
      <Filter>doc</Filter>
    </None>
    <None Include="..\doc\dynamics.txt">
      <Filter>doc</Filter>
    </None>
    <None Include="..\script\client.lua">
      <Filter>scripts</Filter>
    </None>
    <None Include="..\script\editor.lua">
      <Filter>scripts</Filter>
    </None>
    <None Include="..\script\utilsFx.lua">
      <Filter>scripts</Filter>
    </None>
    <None Include="..\script\utilsDynamics.lua">
      <Filter>scripts</Filter>
    </None>
    <None Include="ClassDiagram1.cd">
      <Filter>doc</Filter>
    </None>
    <None Include="..\script\oldScripts.txt">
      <Filter>scripts</Filter>
    </None>
    <None Include="..\script\scenes.lua">
      <Filter>scripts</Filter>
    </None>
    <None Include="..\script\objects.pack\units.lua">
      <Filter>scripts\objects.pack</Filter>
    </None>
    <None Include="..\script\objects.pack\devices.lua">
      <Filter>scripts\objects.pack</Filter>
    </None>
    <None Include="..\script\objects.pack\items.lua">
      <Filter>scripts\objects.pack</Filter>
    </None>
    <None Include="..\script\objects.pack\models.lua">
      <Filter>scripts\objects.pack</Filter>
    </None>
    <None Include="..\script\objects.pack\projectiles.lua">
      <Filter>scripts\objects.pack</Filter>
    </None>
    <None Include="..\script\objects.pack\pack.lua">
      <Filter>scripts\objects.pack</Filter>
    </None>
    <None Include="..\script\RTTI.lua">
      <Filter>scripts</Filter>
    </None>
    <None Include="..\script\utilsTiGa.lua">
      <Filter>scripts</Filter>
    </None>
    <None Include="..\doc\binding.txt">
      <Filter>doc</Filter>
    </None>
    <None Include="..\doc\mindlog.txt">
      <Filter>doc</Filter>
    </None>
    <None Include="..\script\levelRules.lua">
      <Filter>scripts\editors</Filter>
    </None>
    <None Include="..\script\levelEditor.lua">
      <Filter>scripts\editors</Filter>
    </None>
    <None Include="..\script\types.lua">
      <Filter>scripts\editors</Filter>
    </None>
    <None Include="..\script\mainMenu.lua">
      <Filter>scripts</Filter>
    </None>
    <None Include="..\script\robotics.pack\models.lua">
      <Filter>scripts\robotics.pack</Filter>
    </None>
    <None Include="..\script\robotics.pack\pack.lua">
      <Filter>scripts\robotics.pack</Filter>
    </None>
    <None Include="..\script\basic.pack\pack.lua">
      <Filter>scripts\basic.pack</Filter>
    </None>
    <None Include="..\game\bindWorld.i">
      <Filter>core\bind</Filter>
    </None>
    <None Include="..\game\bind.i">
      <Filter>core\bind</Filter>
    </None>
    <None Include="..\game\bindDevices.i">
      <Filter>core\bind</Filter>
    </None>
    <None Include="..\game\bindFx.i">
      <Filter>core\bind</Filter>
    </None>
    <None Include="..\game\bindHGE.i">
      <Filter>core\bind</Filter>
    </None>
    <None Include="..\game\bindMath.i">
      <Filter>core\bind</Filter>
    </None>
    <None Include="..\game\bindObjects.i">
      <Filter>core\bind</Filter>
    </None>
    <None Include="..\script\startup_Editor.lua">
      <Filter>scripts</Filter>
    </None>
    <None Include="..\script\startup_Game.lua">
      <Filter>scripts</Filter>
    </None>
    <None Include="..\script\space.pack\devices.lua">
      <Filter>scripts\space.pack</Filter>
    </None>
    <None Include="..\script\space.pack\items.lua">
      <Filter>scripts\space.pack</Filter>
    </None>
    <None Include="..\script\space.pack\models.lua">
      <Filter>scripts\space.pack</Filter>
    </None>
    <None Include="..\script\space.pack\pack.lua">
      <Filter>scripts\space.pack</Filter>
    </None>
    <None Include="..\script\space.pack\projectiles.lua">
      <Filter>scripts\space.pack</Filter>
    </None>
    <None Include="..\script\space.pack\units.lua">
      <Filter>scripts\space.pack</Filter>
    </None>
  </ItemGroup>
  <ItemGroup>
    <Filter Include="scripts">
      <UniqueIdentifier>{00a0fd55-2be3-4c07-871d-0f448c6043ce}</UniqueIdentifier>
    </Filter>
    <Filter Include="game">
      <UniqueIdentifier>{bb2f6788-4f94-40eb-a39f-357d28fe82e2}</UniqueIdentifier>
    </Filter>
    <Filter Include="doc">
      <UniqueIdentifier>{bf969f6b-11a8-4b66-be3c-07e4f88c909e}</UniqueIdentifier>
    </Filter>
    <Filter Include="scripts\objects.pack">
      <UniqueIdentifier>{ceaa584d-e860-4edd-af64-b50cebd70912}</UniqueIdentifier>
    </Filter>
    <Filter Include="scripts\editors">
      <UniqueIdentifier>{9e871d94-2e9a-4ef3-aaf8-0c1bb6d15d2e}</UniqueIdentifier>
    </Filter>
    <Filter Include="scripts\robotics.pack">
      <UniqueIdentifier>{5472aaf1-2d66-468e-9ef3-0b5c57c81264}</UniqueIdentifier>
    </Filter>
    <Filter Include="scripts\basic.pack">
      <UniqueIdentifier>{b770ea20-add4-43f4-be80-5f4650a02409}</UniqueIdentifier>
    </Filter>
    <Filter Include="scripts\space.pack">
      <UniqueIdentifier>{c122fe11-66e9-45fe-ae6c-5fce3460e5b1}</UniqueIdentifier>
    </Filter>
    <Filter Include="game\frames">
      <UniqueIdentifier>{4ccce8b7-1c93-4c8a-8f65-a582f5285bdb}</UniqueIdentifier>
    </Filter>
    <Filter Include="core">
      <UniqueIdentifier>{df4cb8ce-bb17-442e-82a4-fd6d83c60f58}</UniqueIdentifier>
    </Filter>
    <Filter Include="core\bind">
      <UniqueIdentifier>{8e3cba93-31b5-4bd6-a555-9df4cfb76692}</UniqueIdentifier>
    </Filter>
    <Filter Include="core\objects">
      <UniqueIdentifier>{52bbb098-5479-4af2-a1b4-d5fcff1a40a0}</UniqueIdentifier>
    </Filter>
    <Filter Include="core\objects\devices">
      <UniqueIdentifier>{761dde65-ca74-43b9-bb00-0ce828030b87}</UniqueIdentifier>
    </Filter>
    <Filter Include="core\objects\devices\movers">
      <UniqueIdentifier>{04361916-be2d-4f9e-bd56-b90789c08851}</UniqueIdentifier>
    </Filter>
    <Filter Include="core\objects\devices\movers\controllers">
      <UniqueIdentifier>{0ce9caf9-20cb-4473-803e-df9e17a17803}</UniqueIdentifier>
    </Filter>
    <Filter Include="core\objects\devices\weapons">
      <UniqueIdentifier>{386b09cd-86c0-41ed-b0cb-c3994df1cf9d}</UniqueIdentifier>
    </Filter>
  </ItemGroup>
</Project>