
Microsoft Visual Studio Solution File, Format Version 11.00
# Visual C++ Express 2010
Project("{8BC9CEB8-8B4A-11D0-8D11-00A0C91BC942}") = "fonted", "fonted.vcxproj", "{3C00E610-5E3B-470A-9A21-DC177A2A1C27}"
EndProject
Global
	GlobalSection(SolutionConfigurationPlatforms) = preSolution
		Debug|Win32 = Debug|Win32
		Release|Win32 = Release|Win32
	EndGlobalSection
	GlobalSection(ProjectConfigurationPlatforms) = postSolution
		{3C00E610-5E3B-470A-9A21-DC177A2A1C27}.Debug|Win32.ActiveCfg = Debug|Win32
		{3C00E610-5E3B-470A-9A21-DC177A2A1C27}.Debug|Win32.Build.0 = Debug|Win32
		{3C00E610-5E3B-470A-9A21-DC177A2A1C27}.Release|Win32.ActiveCfg = Release|Win32
		{3C00E610-5E3B-470A-9A21-DC177A2A1C27}.Release|Win32.Build.0 = Release|Win32
	EndGlobalSection
	GlobalSection(SolutionProperties) = preSolution
		HideSolutionNode = FALSE
	EndGlobalSection
EndGlobal
